PODS:
  - Differentiator (4.0.1)
  - ReactorKit (2.0.1):
    - RxSwift (~> 5.0)
  - ReusableKit (3.0.0):
    - ReusableKit/Core (= 3.0.0)
  - ReusableKit/Core (3.0.0)
  - RxCocoa (5.0.1):
    - RxRelay (~> 5)
    - RxSwift (~> 5)
  - RxDataSources (4.0.1):
    - Differentiator (~> 4.0)
    - RxCocoa (~> 5.0)
    - RxSwift (~> 5.0)
  - RxRelay (5.0.1):
    - RxSwift (~> 5)
  - RxSwift (5.0.1)
  - SnapKit (5.0.1)
  - SwiftyBeaver (1.8.3)
  - Then (2.6.0)

DEPENDENCIES:
  - ReactorKit
  - ReusableKit
  - RxCocoa
  - RxDataSources
  - RxSwift
  - SnapKit
  - SwiftyBeaver
  - Then

SPEC REPOS:
  trunk:
    - Differentiator
    - ReactorKit
    - ReusableKit
    - RxCocoa
    - RxDataSources
    - RxRelay
    - RxSwift
    - SnapKit
    - SwiftyBeaver
    - Then

SPEC CHECKSUMS:
  Differentiator: 886080237d9f87f322641dedbc5be257061b0602
  ReactorKit: a63c5e11e0fd32d59d672e54178b0ed2876b764b
  ReusableKit: e5f853ad4652e411f96b6119b2488afa12929be6
  RxCocoa: e741b9749968e8a143e2b787f1dfbff2b63d0a5c
  RxDataSources: efee07fa4de48477eca0a4611e6d11e2da9c1114
  RxRelay: 89d54507f4fd4d969e6ec1d4bd7f3673640b4640
  RxSwift: e2dc62b366a3adf6a0be44ba9f405efd4c94e0c4
  SnapKit: 97b92857e3df3a0c71833cce143274bf6ef8e5eb
  SwiftyBeaver: 3d3e93a12d648bd400b6f2948a7ef128b5b183c7
  Then: 90cd104fd951cec1980a03f57704ad8f784d4d79

PODFILE CHECKSUM: dd65db18485f35a0014c79264fd22ccbbdc31f30

COCOAPODS: 1.8.4
